
Microsoft Visual Studio Solution File, Format Version 12.00
# Visual Studio Version 16
VisualStudioVersion = 16.0.30114.105
MinimumVisualStudioVersion = 10.0.40219.1
Project("{FAE04EC0-301F-11D3-BF4B-00C04F79EFBC}") = "Library", "Library\Library.csproj", "{B32C47A6-E049-456A-9E25-8D3653ACE215}"
EndProject
Project("{FAE04EC0-301F-11D3-BF4B-00C04F79EFBC}") = "Library.Tests", "Library.Tests\Library.Tests.csproj", "{1DBCDF2C-2091-4D3E-96F8-CB8D3E3BCF6E}"
EndProject
Global
	GlobalSection(SolutionConfigurationPlatforms) = preSolution
		Debug|Any CPU = Debug|Any CPU
		Debug|x64 = Debug|x64
		Debug|x86 = Debug|x86
		Release|Any CPU = Release|Any CPU
		Release|x64 = Release|x64
		Release|x86 = Release|x86
	EndGlobalSection
	GlobalSection(SolutionProperties) = preSolution
		HideSolutionNode = FALSE
	EndGlobalSection
	GlobalSection(ProjectConfigurationPlatforms) = postSolution
		{B32C47A6-E049-456A-9E25-8D3653ACE215}.Debug|Any CPU.ActiveCfg = Debug|Any CPU
		{B32C47A6-E049-456A-9E25-8D3653ACE215}.Debug|Any CPU.Build.0 = Debug|Any CPU
		{B32C47A6-E049-456A-9E25-8D3653ACE215}.Debug|x64.ActiveCfg = Debug|Any CPU
		{B32C47A6-E049-456A-9E25-8D3653ACE215}.Debug|x64.Build.0 = Debug|Any CPU
		{B32C47A6-E049-456A-9E25-8D3653ACE215}.Debug|x86.ActiveCfg = Debug|Any CPU
		{B32C47A6-E049-456A-9E25-8D3653ACE215}.Debug|x86.Build.0 = Debug|Any CPU
		{B32C47A6-E049-456A-9E25-8D3653ACE215}.Release|Any CPU.ActiveCfg = Release|Any CPU
		{B32C47A6-E049-456A-9E25-8D3653ACE215}.Release|Any CPU.Build.0 = Release|Any CPU
		{B32C47A6-E049-456A-9E25-8D3653ACE215}.Release|x64.ActiveCfg = Release|Any CPU
		{B32C47A6-E049-456A-9E25-8D3653ACE215}.Release|x64.Build.0 = Release|Any CPU
		{B32C47A6-E049-456A-9E25-8D3653ACE215}.Release|x86.ActiveCfg = Release|Any CPU
		{B32C47A6-E049-456A-9E25-8D3653ACE215}.Release|x86.Build.0 = Release|Any CPU
		{1DBCDF2C-2091-4D3E-96F8-CB8D3E3BCF6E}.Debug|Any CPU.ActiveCfg = Debug|Any CPU
		{1DBCDF2C-2091-4D3E-96F8-CB8D3E3BCF6E}.Debug|Any CPU.Build.0 = Debug|Any CPU
		{1DBCDF2C-2091-4D3E-96F8-CB8D3E3BCF6E}.Debug|x64.ActiveCfg = Debug|Any CPU
		{1DBCDF2C-2091-4D3E-96F8-CB8D3E3BCF6E}.Debug|x64.Build.0 = Debug|Any CPU
		{1DBCDF2C-2091-4D3E-96F8-CB8D3E3BCF6E}.Debug|x86.ActiveCfg = Debug|Any CPU
		{1DBCDF2C-2091-4D3E-96F8-CB8D3E3BCF6E}.Debug|x86.Build.0 = Debug|Any CPU
		{1DBCDF2C-2091-4D3E-96F8-CB8D3E3BCF6E}.Release|Any CPU.ActiveCfg = Release|Any CPU
		{1DBCDF2C-2091-4D3E-96F8-CB8D3E3BCF6E}.Release|Any CPU.Build.0 = Release|Any CPU
		{1DBCDF2C-2091-4D3E-96F8-CB8D3E3BCF6E}.Release|x64.ActiveCfg = Release|Any CPU
		{1DBCDF2C-2091-4D3E-96F8-CB8D3E3BCF6E}.Release|x64.Build.0 = Release|Any CPU
		{1DBCDF2C-2091-4D3E-96F8-CB8D3E3BCF6E}.Release|x86.ActiveCfg = Release|Any CPU
		{1DBCDF2C-2091-4D3E-96F8-CB8D3E3BCF6E}.Release|x86.Build.0 = Release|Any CPU
	EndGlobalSection
EndGlobal
